
Microsoft Visual Studio Solution File, Format Version 12.00
# Visual Studio Version 16
VisualStudioVersion = 16.0.30114.105
MinimumVisualStudioVersion = 10.0.40219.1
Project("{FAE04EC0-301F-11D3-BF4B-00C04F79EFBC}") = "Persistencia", "Persistencia\Persistencia.csproj", "{997A75FB-DA7D-4DDB-82AC-3CFB0E5583AF}"
EndProject
Project("{FAE04EC0-301F-11D3-BF4B-00C04F79EFBC}") = "WebAPI", "WebAPI\WebAPI.csproj", "{A0D9043E-2D18-47E1-A05B-E2E033ACBD48}"
EndProject
Global
	GlobalSection(SolutionConfigurationPlatforms) = preSolution
		Debug|Any CPU = Debug|Any CPU
		Debug|x64 = Debug|x64
		Debug|x86 = Debug|x86
		Release|Any CPU = Release|Any CPU
		Release|x64 = Release|x64
		Release|x86 = Release|x86
	EndGlobalSection
	GlobalSection(ProjectConfigurationPlatforms) = postSolution
		{997A75FB-DA7D-4DDB-82AC-3CFB0E5583AF}.Debug|Any CPU.ActiveCfg = Debug|Any CPU
		{997A75FB-DA7D-4DDB-82AC-3CFB0E5583AF}.Debug|Any CPU.Build.0 = Debug|Any CPU
		{997A75FB-DA7D-4DDB-82AC-3CFB0E5583AF}.Debug|x64.ActiveCfg = Debug|Any CPU
		{997A75FB-DA7D-4DDB-82AC-3CFB0E5583AF}.Debug|x64.Build.0 = Debug|Any CPU
		{997A75FB-DA7D-4DDB-82AC-3CFB0E5583AF}.Debug|x86.ActiveCfg = Debug|Any CPU
		{997A75FB-DA7D-4DDB-82AC-3CFB0E5583AF}.Debug|x86.Build.0 = Debug|Any CPU
		{997A75FB-DA7D-4DDB-82AC-3CFB0E5583AF}.Release|Any CPU.ActiveCfg = Release|Any CPU
		{997A75FB-DA7D-4DDB-82AC-3CFB0E5583AF}.Release|Any CPU.Build.0 = Release|Any CPU
		{997A75FB-DA7D-4DDB-82AC-3CFB0E5583AF}.Release|x64.ActiveCfg = Release|Any CPU
		{997A75FB-DA7D-4DDB-82AC-3CFB0E5583AF}.Release|x64.Build.0 = Release|Any CPU
		{997A75FB-DA7D-4DDB-82AC-3CFB0E5583AF}.Release|x86.ActiveCfg = Release|Any CPU
		{997A75FB-DA7D-4DDB-82AC-3CFB0E5583AF}.Release|x86.Build.0 = Release|Any CPU
		{A0D9043E-2D18-47E1-A05B-E2E033ACBD48}.Debug|Any CPU.ActiveCfg = Debug|Any CPU
		{A0D9043E-2D18-47E1-A05B-E2E033ACBD48}.Debug|Any CPU.Build.0 = Debug|Any CPU
		{A0D9043E-2D18-47E1-A05B-E2E033ACBD48}.Debug|x64.ActiveCfg = Debug|Any CPU
		{A0D9043E-2D18-47E1-A05B-E2E033ACBD48}.Debug|x64.Build.0 = Debug|Any CPU
		{A0D9043E-2D18-47E1-A05B-E2E033ACBD48}.Debug|x86.ActiveCfg = Debug|Any CPU
		{A0D9043E-2D18-47E1-A05B-E2E033ACBD48}.Debug|x86.Build.0 = Debug|Any CPU
		{A0D9043E-2D18-47E1-A05B-E2E033ACBD48}.Release|Any CPU.ActiveCfg = Release|Any CPU
		{A0D9043E-2D18-47E1-A05B-E2E033ACBD48}.Release|Any CPU.Build.0 = Release|Any CPU
		{A0D9043E-2D18-47E1-A05B-E2E033ACBD48}.Release|x64.ActiveCfg = Release|Any CPU
		{A0D9043E-2D18-47E1-A05B-E2E033ACBD48}.Release|x64.Build.0 = Release|Any CPU
		{A0D9043E-2D18-47E1-A05B-E2E033ACBD48}.Release|x86.ActiveCfg = Release|Any CPU
		{A0D9043E-2D18-47E1-A05B-E2E033ACBD48}.Release|x86.Build.0 = Release|Any CPU
	EndGlobalSection
	GlobalSection(SolutionProperties) = preSolution
		HideSolutionNode = FALSE
	EndGlobalSection
	GlobalSection(ExtensibilityGlobals) = postSolution
		SolutionGuid = {35DD33FA-9C49-4C43-8D88-39EC159D3488}
	EndGlobalSection
EndGlobal
